
Microsoft Visual Studio Solution File, Format Version 12.00
# Visual Studio Version 16
VisualStudioVersion = 16.0.30717.126
MinimumVisualStudioVersion = 10.0.40219.1
Project("{9A19103F-16F7-4668-BE54-9A1E7A4F7556}") = "HamnenLight.Uppgiften.ConsoleApp", "HamnenLight.Uppgiften.ConsoleApp.csproj", "{D5901BCF-9301-442B-AB73-DC8720901755}"
EndProject
Global
	GlobalSection(SolutionConfigurationPlatforms) = preSolution
		Debug|Any CPU = Debug|Any CPU
		Release|Any CPU = Release|Any CPU
	EndGlobalSection
	GlobalSection(ProjectConfigurationPlatforms) = postSolution
		{D5901BCF-9301-442B-AB73-DC8720901755}.Debug|Any CPU.ActiveCfg = Debug|Any CPU
		{D5901BCF-9301-442B-AB73-DC8720901755}.Debug|Any CPU.Build.0 = Debug|Any CPU
		{D5901BCF-9301-442B-AB73-DC8720901755}.Release|Any CPU.ActiveCfg = Release|Any CPU
		{D5901BCF-9301-442B-AB73-DC8720901755}.Release|Any CPU.Build.0 = Release|Any CPU
	EndGlobalSection
	GlobalSection(SolutionProperties) = preSolution
		HideSolutionNode = FALSE
	EndGlobalSection
	GlobalSection(ExtensibilityGlobals) = postSolution
		SolutionGuid = {EDA9F2A2-9F41-4837-B22D-574E6FCC7279}
	EndGlobalSection
EndGlobal
